
Microsoft Visual Studio Solution File, Format Version 12.00
Project("{FAE04EC0-301F-11D3-BF4B-00C04F79EFBC}") = "PerfectNumbers", "PerfectNumbers\PerfectNumbers.csproj", "{C97E8994-A0DF-4169-B847-23EE8262D3AD}"
EndProject
Global
	GlobalSection(SolutionConfigurationPlatforms) = preSolution
		Debug|Any CPU = Debug|Any CPU
		Release|Any CPU = Release|Any CPU
	EndGlobalSection
	GlobalSection(ProjectConfigurationPlatforms) = postSolution
		{C97E8994-A0DF-4169-B847-23EE8262D3AD}.Debug|Any CPU.ActiveCfg = Debug|Any CPU
		{C97E8994-A0DF-4169-B847-23EE8262D3AD}.Debug|Any CPU.Build.0 = Debug|Any CPU
		{C97E8994-A0DF-4169-B847-23EE8262D3AD}.Release|Any CPU.ActiveCfg = Release|Any CPU
		{C97E8994-A0DF-4169-B847-23EE8262D3AD}.Release|Any CPU.Build.0 = Release|Any CPU
	EndGlobalSection
EndGlobal
